<?xml version="1.0" encoding="utf-8"?>
<Project ToolsVersion="4.0" xmlns="http://schemas.microsoft.com/developer/msbuild/2003">
  <ItemGroup>
    <Filter Include="01. Main">
      <UniqueIdentifier>{4FC737F1-C7A5-4376-A066-2A32D752A2FF}</UniqueIdentifier>
      <Extensions>cpp;c;cc;cxx;c++;cppm;ixx;def;odl;idl;hpj;bat;asm;asmx</Extensions>
    </Filter>
    <Filter Include="98. Headers">
      <UniqueIdentifier>{93995380-89BD-4b04-88EB-625FBE52EBFB}</UniqueIdentifier>
      <Extensions>h;hh;hpp;hxx;h++;hm;inl;inc;ipp;xsd</Extensions>
    </Filter>
    <Filter Include="98. Headers\중요하지 않음">
      <UniqueIdentifier>{b66e2d74-8f57-432d-99d0-56b59d4896ca}</UniqueIdentifier>
    </Filter>
    <Filter Include="99. Resources">
      <UniqueIdentifier>{67DA6AB6-F800-4c08-8B7A-83BB121AAD01}</UniqueIdentifier>
      <Extensions>rc;ico;cur;bmp;dlg;rc2;rct;bin;rgs;gif;jpg;jpeg;jpe;resx;tiff;tif;png;wav;mfcribbon-ms</Extensions>
    </Filter>
    <Filter Include="91. Shaders">
      <UniqueIdentifier>{a4ab1474-3a35-4559-aa28-5311da1ced0d}</UniqueIdentifier>
    </Filter>
    <Filter Include="98. Headers\Libs">
      <UniqueIdentifier>{cb50656c-4d97-4f10-896c-2feac40af64d}</UniqueIdentifier>
    </Filter>
    <Filter Include="00. Engine">
      <UniqueIdentifier>{3cf7a2c2-c999-43d0-b95e-cabaadc3d305}</UniqueIdentifier>
    </Filter>
    <Filter Include="00. Engine\00. Geometry">
      <UniqueIdentifier>{d7647be5-ea5e-43b5-939c-ac5f24f4d06c}</UniqueIdentifier>
    </Filter>
    <Filter Include="00. Engine\01. InputAssembler">
      <UniqueIdentifier>{0d8521b6-3bdd-4a8a-88c9-26681ada9034}</UniqueIdentifier>
    </Filter>
    <Filter Include="00. Engine\02. VertexShader">
      <UniqueIdentifier>{dcd2482f-202d-428a-b226-0687acef3720}</UniqueIdentifier>
    </Filter>
    <Filter Include="00. Engine\03. Rasterizer">
      <UniqueIdentifier>{b65be3d7-c7a9-4a09-a370-d20256c92016}</UniqueIdentifier>
    </Filter>
    <Filter Include="00. Engine\04. PixelShader">
      <UniqueIdentifier>{b67698fb-c1bf-415f-a9da-4ef5b046fa5f}</UniqueIdentifier>
    </Filter>
    <Filter Include="00. Engine\05. OutputMerger">
      <UniqueIdentifier>{50e0ec89-5225-4e03-af07-1e8ba576e204}</UniqueIdentifier>
    </Filter>
  </ItemGroup>
  <ItemGroup>
    <ClInclude Include="targetver.h">
      <Filter>98. Headers\중요하지 않음</Filter>
    </ClInclude>
    <ClInclude Include="Resource.h">
      <Filter>98. Headers\중요하지 않음</Filter>
    </ClInclude>
    <ClInclude Include="framework.h">
      <Filter>98. Headers\중요하지 않음</Filter>
    </ClInclude>
    <ClInclude Include="Main.h">
      <Filter>01. Main</Filter>
    </ClInclude>
    <ClInclude Include="pch.h">
      <Filter>98. Headers</Filter>
    </ClInclude>
    <ClInclude Include="Values.h">
      <Filter>98. Headers</Filter>
    </ClInclude>
    <ClInclude Include="Struct.h">
      <Filter>98. Headers</Filter>
    </ClInclude>
    <ClInclude Include="Types.h">
      <Filter>98. Headers</Filter>
    </ClInclude>
    <ClInclude Include="Game.h">
      <Filter>01. Main</Filter>
    </ClInclude>
    <ClInclude Include="SimpleMath.h">
      <Filter>98. Headers\Libs</Filter>
    </ClInclude>
    <ClInclude Include="SimpleMath.inl">
      <Filter>98. Headers\Libs</Filter>
    </ClInclude>
    <ClInclude Include="Graphics.h">
      <Filter>00. Engine</Filter>
    </ClInclude>
    <ClInclude Include="VertexBuffer.h">
      <Filter>00. Engine\01. InputAssembler</Filter>
    </ClInclude>
    <ClInclude Include="IndexBuffer.h">
      <Filter>00. Engine\01. InputAssembler</Filter>
    </ClInclude>
    <ClInclude Include="InputLayout.h">
      <Filter>00. Engine\01. InputAssembler</Filter>
    </ClInclude>
    <ClInclude Include="Geometry.h">
      <Filter>00. Engine\00. Geometry</Filter>
    </ClInclude>
    <ClInclude Include="GeometryHelper.h">
      <Filter>00. Engine\00. Geometry</Filter>
    </ClInclude>
    <ClInclude Include="VertexData.h">
      <Filter>00. Engine\00. Geometry</Filter>
    </ClInclude>
    <ClInclude Include="Shader.h">
      <Filter>00. Engine\02. VertexShader</Filter>
    </ClInclude>
    <ClInclude Include="ConstantBuffer.h">
      <Filter>00. Engine\02. VertexShader</Filter>
    </ClInclude>
    <ClInclude Include="Texture.h">
      <Filter>00. Engine\04. PixelShader</Filter>
    </ClInclude>
  </ItemGroup>
  <ItemGroup>
    <ClCompile Include="Main.cpp">
      <Filter>01. Main</Filter>
    </ClCompile>
    <ClCompile Include="pch.cpp">
      <Filter>98. Headers</Filter>
    </ClCompile>
    <ClCompile Include="Game.cpp">
      <Filter>01. Main</Filter>
    </ClCompile>
    <ClCompile Include="SimpleMath.cpp">
      <Filter>98. Headers\Libs</Filter>
    </ClCompile>
    <ClCompile Include="Graphics.cpp">
      <Filter>00. Engine</Filter>
    </ClCompile>
    <ClCompile Include="VertexBuffer.cpp">
      <Filter>00. Engine\01. InputAssembler</Filter>
    </ClCompile>
    <ClCompile Include="IndexBuffer.cpp">
      <Filter>00. Engine\01. InputAssembler</Filter>
    </ClCompile>
    <ClCompile Include="InputLayout.cpp">
      <Filter>00. Engine\01. InputAssembler</Filter>
    </ClCompile>
    <ClCompile Include="Geometry.cpp">
      <Filter>00. Engine\00. Geometry</Filter>
    </ClCompile>
    <ClCompile Include="GeometryHelper.cpp">
      <Filter>00. Engine\00. Geometry</Filter>
    </ClCompile>
    <ClCompile Include="VertexData.cpp">
      <Filter>00. Engine\00. Geometry</Filter>
    </ClCompile>
    <ClCompile Include="Shader.cpp">
      <Filter>00. Engine\02. VertexShader</Filter>
    </ClCompile>
    <ClCompile Include="ConstantBuffer.cpp">
      <Filter>00. Engine\02. VertexShader</Filter>
    </ClCompile>
    <ClCompile Include="Texture.cpp">
      <Filter>00. Engine\04. PixelShader</Filter>
    </ClCompile>
  </ItemGroup>
  <ItemGroup>
    <ResourceCompile Include="Project1.rc">
      <Filter>99. Resources</Filter>
    </ResourceCompile>
  </ItemGroup>
  <ItemGroup>
    <Image Include="small.ico">
      <Filter>99. Resources</Filter>
    </Image>
    <Image Include="Project1.ico">
      <Filter>99. Resources</Filter>
    </Image>
  </ItemGroup>
  <ItemGroup>
    <FxCompile Include="default.hlsl">
      <Filter>91. Shaders</Filter>
    </FxCompile>
  </ItemGroup>
</Project>